
Microsoft Visual Studio Solution File, Format Version 12.00
# Visual Studio Version 17
VisualStudioVersion = 17.0.31919.166
MinimumVisualStudioVersion = 10.0.40219.1
Project("{FAE04EC0-301F-11D3-BF4B-00C04F79EFBC}") = "WorkerThread", "WorkerThread\WorkerThread.csproj", "{FB592C29-5AB1-4CC2-9830-5177E7A9DE75}"
EndProject
Global
	GlobalSection(SolutionConfigurationPlatforms) = preSolution
		Debug|Any CPU = Debug|Any CPU
		Release|Any CPU = Release|Any CPU
	EndGlobalSection
	GlobalSection(ProjectConfigurationPlatforms) = postSolution
		{FB592C29-5AB1-4CC2-9830-5177E7A9DE75}.Debug|Any CPU.ActiveCfg = Debug|Any CPU
		{FB592C29-5AB1-4CC2-9830-5177E7A9DE75}.Debug|Any CPU.Build.0 = Debug|Any CPU
		{FB592C29-5AB1-4CC2-9830-5177E7A9DE75}.Release|Any CPU.ActiveCfg = Release|Any CPU
		{FB592C29-5AB1-4CC2-9830-5177E7A9DE75}.Release|Any CPU.Build.0 = Release|Any CPU
	EndGlobalSection
	GlobalSection(SolutionProperties) = preSolution
		HideSolutionNode = FALSE
	EndGlobalSection
	GlobalSection(ExtensibilityGlobals) = postSolution
		SolutionGuid = {5FC463A4-44BA-4A70-953D-860DF4C2F182}
	EndGlobalSection
EndGlobal
